github.com/BurntSushi/toml v0.3.1 h1:WXkYYl6Yr3qBf1K79EBnL4mak0OimBfB0XUf9Vl28OQ=
github.com/BurntSushi/toml v0.3.1/go.mod h1:xHWCNGjB5oqiDr8zfno3MHue2Ht5sIBksp03qcyfWMU=
github.com/google/go-cmp v0.3.1 h1:Xye71clBPdm5HgqGwUkwhbynsUJZhDbS20FvLhQ2izg=
github.com/google/go-cmp v0.3.1/go.mod h1:8QqcDgzrUqlUb/G2PQTWiueGozuR1884gddMywk6iLU=
github.com/google/go-github v17.0.0+incompatible h1:N0LgJ1j65A7kfXrZnUDaYCs/Sf4rEjNlfyDHW9dolSY=
github.com/google/go-github v17.0.0+incompatible/go.mod h1:zLgOLi98H3fifZn+44m+umXrS52loVEgC2AApnigrVQ=
github.com/google/go-querystring v1.0.0 h1:Xkwi/a1rcvNg1PPYe5vI8GbeBY/jrVuDX5ASuANWTrk=
github.com/google/go-querystring v1.0.0/go.mod h1:odCYkC5MyYFN7vkCjXpyrEuKhc/BUO6wN/zVPAxq5ck=
github.com/ulikunitz/xz v0.5.8 h1:ERv8V6GKqVi23rgu5cj9pVfVzJbOqAY2Ntl88O6c2nQ=
github.com/ulikunitz/xz v0.5.8/go.mod h1:nbz6k7qbPmH4IRqmfOplQw/tblSgqTqBwxkY0oWt/14=
github.com/ulikunitz/xz v0.5.9 h1:RsKRIA2MO8x56wkkcd3LbtcE/uMszhb6DpRf+3uwa3I=
github.com/ulikunitz/xz v0.5.9/go.mod h1:nbz6k7qbPmH4IRqmfOplQw/tblSgqTqBwxkY0oWt/14=
github.com/y-yagi/configure v0.2.0 h1:v27/4bRcJKQgrd4Yh9y9Fptoa15wuldazrjPBWCvKrM=
github.com/y-yagi/configure v0.2.0/go.mod h1:BztcwSytGmEB/wRUn4z6kIQhYmCZvbXUGKWkWjuJGkg=
github.com/y-yagi/debuglog v0.2.0 h1:v4VETfgN4Zffz9AEtPo37UcHIQhoQz/1ggp7WnjcuSE=
github.com/y-yagi/debuglog v0.2.0/go.mod h1:QqEOXhLIjhkErqqKVaxjXhHNxr8SaV/fnINtOkWBW0E=
github.com/y-yagi/goext v0.5.0 h1:AkbWt9nnCa3F9VIhQQzz6r/xYw69TCsE8i4kVnj/guY=
github.com/y-yagi/goext v0.5.0/go.mod h1:0OhjQ0asZ5akCui3QgCkDjNHHu8y37LJv2WX/CY24Sg=
